{
  "name": "bobrilstrap",
  "version": "3.3.1",
  "lockfileVersion": 1,
  "requires": true,
  "dependencies": {
    "@types/bootstrap": {
      "version": "3.4.0",
      "resolved": "https://registry.npmjs.org/@types/bootstrap/-/bootstrap-3.4.0.tgz",
      "integrity": "sha512-LS05hVAAsX86qbHg7W+ydwBlNHrVCoFw6wEP3/uW4eYmRXl08bWmPeN/+onM+8qZTFfDgUlG/OItJI8SW972oQ==",
      "requires": {
        "@types/jquery": "*"
      }
    },
    "@types/bootstrap-3-typeahead": {
      "version": "4.0.1",
      "resolved": "https://registry.npmjs.org/@types/bootstrap-3-typeahead/-/bootstrap-3-typeahead-4.0.1.tgz",
      "integrity": "sha512-1TFxHxZEABxfJJQzgKLKpgcmd2KXKATv83WP7XwjQdWk0lXTXYcnWyYt7j7tQ1GrEZ0smUf7O3bQVSiRiRE+Xw==",
      "requires": {
        "@types/jquery": "*"
      }
    },
    "@types/jquery": {
      "version": "3.3.30",
      "resolved": "https://registry.npmjs.org/@types/jquery/-/jquery-3.3.30.tgz",
      "integrity": "sha512-chB+QbLulamShZAFcTJtl8opZwHFBpDOP6nRLrPGkhC6N1aKWrDXg2Nc71tEg6ny6E8SQpRwbWSi9GdstH5VJA==",
      "requires": {
        "@types/sizzle": "*"
      }
    },
    "@types/sizzle": {
      "version": "2.3.2",
      "resolved": "https://registry.npmjs.org/@types/sizzle/-/sizzle-2.3.2.tgz",
      "integrity": "sha512-7EJYyKTL7tFR8+gDbB6Wwz/arpGa0Mywk1TJbNzKzHtzbwVmY4HR9WqS5VV7dsBUKQmPNr192jHr/VpBluj/hg=="
    },
    "bobril": {
      "version": "14.0.1",
      "resolved": "https://registry.npmjs.org/bobril/-/bobril-14.0.1.tgz",
      "integrity": "sha512-BYWJHmI5eMdvvbMhvEO/hd9Qfd6WFgwJjs3QSWP7UDkNszNqhvqwctRQQTx6j/Zh1x/gWRPeIWPcR6jxmOsW+w=="
    },
    "bootstrap": {
      "version": "3.4.1",
      "resolved": "https://registry.npmjs.org/bootstrap/-/bootstrap-3.4.1.tgz",
      "integrity": "sha512-yN5oZVmRCwe5aKwzRj6736nSmKDX7pLYwsXiCj/EYmo16hODaBiT4En5btW/jhBF/seV+XMx3aYwukYC3A49DA=="
    },
    "bootstrap-3-typeahead": {
      "version": "4.0.2",
      "resolved": "https://registry.npmjs.org/bootstrap-3-typeahead/-/bootstrap-3-typeahead-4.0.2.tgz",
      "integrity": "sha1-yxyWkESFaGIJb8jHHMIbOsu1BBI="
    },
    "jquery": {
      "version": "3.5.0",
      "resolved": "https://registry.npmjs.org/jquery/-/jquery-3.5.0.tgz",
      "integrity": "sha512-Xb7SVYMvygPxbFMpTFQiHh1J7HClEaThguL15N/Gg37Lri/qKyhRGZYzHRyLH8Stq3Aow0LsHO2O2ci86fCrNQ=="
    },
    "prettier": {
      "version": "1.19.1",
      "resolved": "https://registry.npmjs.org/prettier/-/prettier-1.19.1.tgz",
      "integrity": "sha512-s7PoyDv/II1ObgQunCbB9PdLmUcBZcnWOcxDh7O0N/UwDEsHyqkW+Qh28jW+mVuCdx7gLB0BotYI1Y6uI9iyew==",
      "dev": true
    },
    "pwa-install-handler": {
      "version": "2.0.6",
      "resolved": "https://registry.npmjs.org/pwa-install-handler/-/pwa-install-handler-2.0.6.tgz",
      "integrity": "sha512-QjMoXnhd1EYit/BKRuQGIQGzjbAqU502ksgMDVK51snnE8hLxENi0SkvQu1gTVxQxYPdQbjTvjLnkf+jzl/O4w==",
      "dev": true
    }
  }
}
