{
  "name": "bobrilstrap",
  "version": "3.0.2",
  "lockfileVersion": 1,
  "requires": true,
  "dependencies": {
    "@types/bootstrap": {
      "version": "3.3.40",
      "resolved": "https://registry.npmjs.org/@types/bootstrap/-/bootstrap-3.3.40.tgz",
      "integrity": "sha512-TNjl8YuYPxLnQxIN6MRLb7KFK9gWZu2NvcOTh6YjYvdsZK13rs+gO0LisnNguT0AyXZ0XqfFzpj/8s0/SOMEIw==",
      "requires": {
        "@types/jquery": "3.3.21"
      }
    },
    "@types/jquery": {
      "version": "3.3.21",
      "resolved": "https://registry.npmjs.org/@types/jquery/-/jquery-3.3.21.tgz",
      "integrity": "sha512-elpRQ9RYn75XJul/PHnklyXKNNWBNOFi8Rcq9wwpAhllHFsf3ke5+32/TMUdMBOfTYk5n+uM2uleWOS9X0MA0g==",
      "requires": {
        "@types/sizzle": "2.3.2"
      }
    },
    "@types/sizzle": {
      "version": "2.3.2",
      "resolved": "https://registry.npmjs.org/@types/sizzle/-/sizzle-2.3.2.tgz",
      "integrity": "sha512-7EJYyKTL7tFR8+gDbB6Wwz/arpGa0Mywk1TJbNzKzHtzbwVmY4HR9WqS5VV7dsBUKQmPNr192jHr/VpBluj/hg=="
    },
    "bobril": {
      "version": "8.15.2",
      "resolved": "https://registry.npmjs.org/bobril/-/bobril-8.15.2.tgz",
      "integrity": "sha512-K1fwZPBmmm0Syxm5HkGnxscAjPP1vLw2kqdSFM7eKL1Ku1oV5bilu2qihC5zDM/V/6OTKx5vzpW88nUov9Cn7A=="
    },
    "bootstrap": {
      "version": "3.3.7",
      "resolved": "http://registry.npmjs.org/bootstrap/-/bootstrap-3.3.7.tgz",
      "integrity": "sha1-WjiTlFSfIzMIdaOxUGVldPip63E="
    },
    "bootstrap-3-typeahead": {
      "version": "4.0.2",
      "resolved": "https://registry.npmjs.org/bootstrap-3-typeahead/-/bootstrap-3-typeahead-4.0.2.tgz",
      "integrity": "sha1-yxyWkESFaGIJb8jHHMIbOsu1BBI="
    },
    "jquery": {
      "version": "3.3.1",
      "resolved": "https://registry.npmjs.org/jquery/-/jquery-3.3.1.tgz",
      "integrity": "sha512-Ubldcmxp5np52/ENotGxlLe6aGMvmF4R8S6tZjsP6Knsaxd/xp3Zrh50cG93lR6nPXyUFwzN3ZSOQI0wRJNdGg=="
    }
  }
}
