{
  "name": "bobrilstrap",
  "version": "3.0.1",
  "lockfileVersion": 1,
  "requires": true,
  "dependencies": {
    "@types/bootstrap": {
      "version": "3.3.39",
      "resolved": "https://registry.npmjs.org/@types/bootstrap/-/bootstrap-3.3.39.tgz",
      "integrity": "sha512-UGvzSQFkv0Oh2vjj30AfZructi7XvY0aRa1Y/vrgFq+tfrTMxtqQ9+s5liCYLJnrISc9LinEtOY5N8Ibrhj2Tg==",
      "requires": {
        "@types/jquery": "3.3.2"
      }
    },
    "@types/jquery": {
      "version": "3.3.2",
      "resolved": "https://registry.npmjs.org/@types/jquery/-/jquery-3.3.2.tgz",
      "integrity": "sha512-ByZwKSEqteAta4VrIalqGJZmMq9lWPD3H3f5Xs6RR8B7zQRDPGUtjoKBYNtKTz/7LgBEQMdlxVbbjQfUaEIItA=="
    },
    "bobril": {
      "version": "8.8.1",
      "resolved": "https://registry.npmjs.org/bobril/-/bobril-8.8.1.tgz",
      "integrity": "sha512-20M/8tGjo+w/YKSIYUXBooYpwdmDqSRrCJu5gL/1j7F6BH69ZH04Z1T4pLIVCNNEPDziW4BuCSI05vYyaeTrXQ=="
    },
    "bootstrap": {
      "version": "3.3.7",
      "resolved": "https://registry.npmjs.org/bootstrap/-/bootstrap-3.3.7.tgz",
      "integrity": "sha1-WjiTlFSfIzMIdaOxUGVldPip63E="
    },
    "bootstrap-3-typeahead": {
      "version": "4.0.2",
      "resolved": "https://registry.npmjs.org/bootstrap-3-typeahead/-/bootstrap-3-typeahead-4.0.2.tgz",
      "integrity": "sha1-yxyWkESFaGIJb8jHHMIbOsu1BBI="
    },
    "jquery": {
      "version": "3.3.1",
      "resolved": "https://registry.npmjs.org/jquery/-/jquery-3.3.1.tgz",
      "integrity": "sha512-Ubldcmxp5np52/ENotGxlLe6aGMvmF4R8S6tZjsP6Knsaxd/xp3Zrh50cG93lR6nPXyUFwzN3ZSOQI0wRJNdGg=="
    }
  }
}
