# THIS IS AN AUTOGENERATED FILE. DO NOT EDIT THIS FILE DIRECTLY.
# yarn lockfile v1


"@types/bootstrap@^3.3.32":
  version "3.3.32"
  resolved "https://registry.yarnpkg.com/@types/bootstrap/-/bootstrap-3.3.32.tgz#abaf4b364d086de0cb7791db0cfd55703b591fad"
  dependencies:
    "@types/jquery" "*"

"@types/jquery@*", "@types/jquery@^2.0.40":
  version "2.0.41"
  resolved "https://registry.yarnpkg.com/@types/jquery/-/jquery-2.0.41.tgz#b87ba051011f99edbe586d8f97282e7786e01a6d"

bobril@^6.2.1:
  version "6.2.1"
  resolved "https://registry.yarnpkg.com/bobril/-/bobril-6.2.1.tgz#c1927646e01c7b5101346e1ee6497a0c62b80db4"

bootstrap-3-typeahead@^4.0.2:
  version "4.0.2"
  resolved "https://registry.yarnpkg.com/bootstrap-3-typeahead/-/bootstrap-3-typeahead-4.0.2.tgz#cb1c969044856862096fc8c71cc21b3acbb50412"

bootstrap@^3.3.6:
  version "3.3.7"
  resolved "https://registry.yarnpkg.com/bootstrap/-/bootstrap-3.3.7.tgz#5a389394549f23330875a3b150656574f8a9eb71"

jquery@^2.2.3:
  version "2.2.4"
  resolved "https://registry.yarnpkg.com/jquery/-/jquery-2.2.4.tgz#2c89d6889b5eac522a7eea32c14521559c6cbf02"
